<?xml version="1.0" encoding="utf-8"?>
<Project ToolsVersion="4.0" xmlns="http://schemas.microsoft.com/developer/msbuild/2003">
  <ItemGroup>
    <Filter Include="Source Files">
      <UniqueIdentifier>{4FC737F1-C7A5-4376-A066-2A32D752A2FF}</UniqueIdentifier>
      <Extensions>cpp;c;cc;cxx;def;odl;idl;hpj;bat;asm;asmx</Extensions>
    </Filter>
    <Filter Include="Header Files">
      <UniqueIdentifier>{93995380-89BD-4b04-88EB-625FBE52EBFB}</UniqueIdentifier>
      <Extensions>h;hh;hpp;hxx;hm;inl;inc;xsd</Extensions>
    </Filter>
    <Filter Include="Resource Files">
      <UniqueIdentifier>{67DA6AB6-F800-4c08-8B7A-83BB121AAD01}</UniqueIdentifier>
      <Extensions>rc;ico;cur;bmp;dlg;rc2;rct;bin;rgs;gif;jpg;jpeg;jpe;resx;tiff;tif;png;wav;mfcribbon-ms</Extensions>
    </Filter>
    <Filter Include="Header Files\Animation">
      <UniqueIdentifier>{67ebd6fe-21f2-40c2-89c0-87ac2872755b}</UniqueIdentifier>
    </Filter>
    <Filter Include="Header Files\Mesh">
      <UniqueIdentifier>{e843981a-30fd-4377-b41b-704097c6a0b5}</UniqueIdentifier>
    </Filter>
    <Filter Include="Header Files\Matter">
      <UniqueIdentifier>{0d95f122-f344-46d5-a676-1cb7b9beed9a}</UniqueIdentifier>
    </Filter>
    <Filter Include="Header Files\Scene">
      <UniqueIdentifier>{12f8600c-7ec0-4e30-aeb5-99ef053404b3}</UniqueIdentifier>
    </Filter>
    <Filter Include="Header Files\Component">
      <UniqueIdentifier>{94166f8a-02e9-4f52-bb72-98cf3fa567df}</UniqueIdentifier>
    </Filter>
    <Filter Include="Source Files\Animation">
      <UniqueIdentifier>{46dccd99-24fc-464c-ab40-59b04be60fb0}</UniqueIdentifier>
    </Filter>
    <Filter Include="Source Files\Matter">
      <UniqueIdentifier>{4e89340b-ef4e-423e-8955-bdfe9c260ef1}</UniqueIdentifier>
    </Filter>
    <Filter Include="Source Files\Mesh">
      <UniqueIdentifier>{0319f9a5-d456-4c3a-9737-1876dbce81a1}</UniqueIdentifier>
    </Filter>
    <Filter Include="Source Files\Scene">
      <UniqueIdentifier>{04488990-da6f-4248-a103-1936a21c319f}</UniqueIdentifier>
    </Filter>
    <Filter Include="Source Files\Component">
      <UniqueIdentifier>{f0adcf16-09c7-4348-ac40-31197df78d2c}</UniqueIdentifier>
    </Filter>
    <Filter Include="Source Files\Shaders">
      <UniqueIdentifier>{1806bcf6-f74f-4e74-af65-c60c457eb8ba}</UniqueIdentifier>
    </Filter>
    <Filter Include="Header Files\Shaders">
      <UniqueIdentifier>{6c7ad0c7-557a-4d64-b589-b069d51e3735}</UniqueIdentifier>
    </Filter>
  </ItemGroup>
  <ItemGroup>
    <None Include="packages.config" />
    <None Include="basic.frag">
      <Filter>Source Files</Filter>
    </None>
    <None Include="basic.vert">
      <Filter>Source Files</Filter>
    </None>
    <None Include="param_alpha.vert">
      <Filter>Source Files</Filter>
    </None>
  </ItemGroup>
  <ItemGroup>
    <ClCompile Include="Main.cpp">
      <Filter>Source Files</Filter>
    </ClCompile>
    <ClCompile Include="TransformInfo.cpp">
      <Filter>Source Files</Filter>
    </ClCompile>
    <ClCompile Include="TTLMUniform.cpp">
      <Filter>Source Files</Filter>
    </ClCompile>
    <ClCompile Include="Animation.cpp">
      <Filter>Source Files\Animation</Filter>
    </ClCompile>
    <ClCompile Include="Animation_Aim.cpp">
      <Filter>Source Files\Animation</Filter>
    </ClCompile>
    <ClCompile Include="Animation_AimOrbit.cpp">
      <Filter>Source Files\Animation</Filter>
    </ClCompile>
    <ClCompile Include="Animation_Blank.cpp">
      <Filter>Source Files\Animation</Filter>
    </ClCompile>
    <ClCompile Include="Animation_Grow.cpp">
      <Filter>Source Files\Animation</Filter>
    </ClCompile>
    <ClCompile Include="Animation_GrowTo.cpp">
      <Filter>Source Files\Animation</Filter>
    </ClCompile>
    <ClCompile Include="Animation_Orbit.cpp">
      <Filter>Source Files\Animation</Filter>
    </ClCompile>
    <ClCompile Include="AnimationList.cpp">
      <Filter>Source Files\Animation</Filter>
    </ClCompile>
    <ClCompile Include="Matter.cpp">
      <Filter>Source Files\Matter</Filter>
    </ClCompile>
    <ClCompile Include="MatterCircle.cpp">
      <Filter>Source Files\Matter</Filter>
    </ClCompile>
    <ClCompile Include="MatterMeter.cpp">
      <Filter>Source Files\Matter</Filter>
    </ClCompile>
    <ClCompile Include="MatterRectangle.cpp">
      <Filter>Source Files\Matter</Filter>
    </ClCompile>
    <ClCompile Include="MatterRing.cpp">
      <Filter>Source Files\Matter</Filter>
    </ClCompile>
    <ClCompile Include="MatterRootSegment.cpp">
      <Filter>Source Files\Matter</Filter>
    </ClCompile>
    <ClCompile Include="MatterRootTendril.cpp">
      <Filter>Source Files\Matter</Filter>
    </ClCompile>
    <ClCompile Include="Mesh.cpp">
      <Filter>Source Files\Mesh</Filter>
    </ClCompile>
    <ClCompile Include="MeshCircle.cpp">
      <Filter>Source Files\Mesh</Filter>
    </ClCompile>
    <ClCompile Include="MeshMeter.cpp">
      <Filter>Source Files\Mesh</Filter>
    </ClCompile>
    <ClCompile Include="MeshRectangle.cpp">
      <Filter>Source Files\Mesh</Filter>
    </ClCompile>
    <ClCompile Include="MeshRing.cpp">
      <Filter>Source Files\Mesh</Filter>
    </ClCompile>
    <ClCompile Include="MeshTrapezoid.cpp">
      <Filter>Source Files\Mesh</Filter>
    </ClCompile>
    <ClCompile Include="Scene.cpp">
      <Filter>Source Files\Scene</Filter>
    </ClCompile>
    <ClCompile Include="Scene_ColorCircles.cpp">
      <Filter>Source Files\Scene</Filter>
    </ClCompile>
    <ClCompile Include="Scene_PrimeGarden.cpp">
      <Filter>Source Files\Scene</Filter>
    </ClCompile>
    <ClCompile Include="Scene_RootGarden.cpp">
      <Filter>Source Files\Scene</Filter>
    </ClCompile>
    <ClCompile Include="Scene_TimeGarden.cpp">
      <Filter>Source Files\Scene</Filter>
    </ClCompile>
    <ClCompile Include="Scene_UnderGarden.cpp">
      <Filter>Source Files\Scene</Filter>
    </ClCompile>
    <ClCompile Include="SceneComponent.cpp">
      <Filter>Source Files\Scene</Filter>
    </ClCompile>
    <ClCompile Include="CompGaugeVertical.cpp">
      <Filter>Source Files\Component</Filter>
    </ClCompile>
    <ClCompile Include="MeshRectangleGradient.cpp">
      <Filter>Source Files\Mesh</Filter>
    </ClCompile>
    <ClCompile Include="MatterRectangleGradient.cpp">
      <Filter>Source Files\Matter</Filter>
    </ClCompile>
    <ClCompile Include="Animation_Pulse.cpp">
      <Filter>Source Files\Animation</Filter>
    </ClCompile>
    <ClCompile Include="MatterTileboard.cpp">
      <Filter>Source Files\Matter</Filter>
    </ClCompile>
    <ClCompile Include="Animation_Trigger.cpp">
      <Filter>Source Files\Animation</Filter>
    </ClCompile>
    <ClCompile Include="GameStats.cpp">
      <Filter>Source Files\Animation</Filter>
    </ClCompile>
    <ClCompile Include="Shader.cpp">
      <Filter>Source Files\Shaders</Filter>
    </ClCompile>
    <ClCompile Include="ShaderProgram.cpp">
      <Filter>Source Files\Shaders</Filter>
    </ClCompile>
    <ClCompile Include="ShaderManager.cpp">
      <Filter>Source Files\Shaders</Filter>
    </ClCompile>
    <ClCompile Include="MatterRootCluster.cpp">
      <Filter>Source Files\Matter</Filter>
    </ClCompile>
    <ClCompile Include="Animation_FrameTime.cpp">
      <Filter>Source Files\Animation</Filter>
    </ClCompile>
    <ClCompile Include="MatterMeterHead.cpp">
      <Filter>Source Files\Matter</Filter>
    </ClCompile>
    <ClCompile Include="MatterBasicText.cpp">
      <Filter>Source Files\Matter</Filter>
    </ClCompile>
    <ClCompile Include="FontManager.cpp">
      <Filter>Source Files</Filter>
    </ClCompile>
  </ItemGroup>
  <ItemGroup>
    <ClInclude Include="TransformInfo.h">
      <Filter>Header Files</Filter>
    </ClInclude>
    <ClInclude Include="TTLMUniform.h">
      <Filter>Header Files</Filter>
    </ClInclude>
    <ClInclude Include="glext.h">
      <Filter>Header Files</Filter>
    </ClInclude>
    <ClInclude Include="wglext.h">
      <Filter>Header Files</Filter>
    </ClInclude>
    <ClInclude Include="GlobalState.h">
      <Filter>Header Files</Filter>
    </ClInclude>
    <ClInclude Include="Animation.h">
      <Filter>Header Files\Animation</Filter>
    </ClInclude>
    <ClInclude Include="Animation_Aim.h">
      <Filter>Header Files\Animation</Filter>
    </ClInclude>
    <ClInclude Include="Animation_AimOrbit.h">
      <Filter>Header Files\Animation</Filter>
    </ClInclude>
    <ClInclude Include="Animation_Blank.h">
      <Filter>Header Files\Animation</Filter>
    </ClInclude>
    <ClInclude Include="Animation_Grow.h">
      <Filter>Header Files\Animation</Filter>
    </ClInclude>
    <ClInclude Include="Animation_GrowTo.h">
      <Filter>Header Files\Animation</Filter>
    </ClInclude>
    <ClInclude Include="Animation_Orbit.h">
      <Filter>Header Files\Animation</Filter>
    </ClInclude>
    <ClInclude Include="AnimationList.h">
      <Filter>Header Files\Animation</Filter>
    </ClInclude>
    <ClInclude Include="Mesh.h">
      <Filter>Header Files\Mesh</Filter>
    </ClInclude>
    <ClInclude Include="MeshCircle.h">
      <Filter>Header Files\Mesh</Filter>
    </ClInclude>
    <ClInclude Include="MeshMeter.h">
      <Filter>Header Files\Mesh</Filter>
    </ClInclude>
    <ClInclude Include="MeshRectangle.h">
      <Filter>Header Files\Mesh</Filter>
    </ClInclude>
    <ClInclude Include="MeshRing.h">
      <Filter>Header Files\Mesh</Filter>
    </ClInclude>
    <ClInclude Include="MeshTrapezoid.h">
      <Filter>Header Files\Mesh</Filter>
    </ClInclude>
    <ClInclude Include="Matter.h">
      <Filter>Header Files\Matter</Filter>
    </ClInclude>
    <ClInclude Include="MatterCircle.h">
      <Filter>Header Files\Matter</Filter>
    </ClInclude>
    <ClInclude Include="MatterMeter.h">
      <Filter>Header Files\Matter</Filter>
    </ClInclude>
    <ClInclude Include="MatterRectangle.h">
      <Filter>Header Files\Matter</Filter>
    </ClInclude>
    <ClInclude Include="MatterRing.h">
      <Filter>Header Files\Matter</Filter>
    </ClInclude>
    <ClInclude Include="MatterRootSegment.h">
      <Filter>Header Files\Matter</Filter>
    </ClInclude>
    <ClInclude Include="MatterRootTendril.h">
      <Filter>Header Files\Matter</Filter>
    </ClInclude>
    <ClInclude Include="MatterTypes.h">
      <Filter>Header Files\Matter</Filter>
    </ClInclude>
    <ClInclude Include="Scene.h">
      <Filter>Header Files\Scene</Filter>
    </ClInclude>
    <ClInclude Include="Scene_ColorCircles.h">
      <Filter>Header Files\Scene</Filter>
    </ClInclude>
    <ClInclude Include="Scene_PrimeGarden.h">
      <Filter>Header Files\Scene</Filter>
    </ClInclude>
    <ClInclude Include="Scene_RootGarden.h">
      <Filter>Header Files\Scene</Filter>
    </ClInclude>
    <ClInclude Include="Scene_TimeGarden.h">
      <Filter>Header Files\Scene</Filter>
    </ClInclude>
    <ClInclude Include="Scene_UnderGarden.h">
      <Filter>Header Files\Scene</Filter>
    </ClInclude>
    <ClInclude Include="SceneComponent.h">
      <Filter>Header Files\Scene</Filter>
    </ClInclude>
    <ClInclude Include="CompGaugeVertical.h">
      <Filter>Header Files\Component</Filter>
    </ClInclude>
    <ClInclude Include="MeshRectangleGradient.h">
      <Filter>Header Files\Mesh</Filter>
    </ClInclude>
    <ClInclude Include="MatterRectangleGradient.h">
      <Filter>Header Files\Matter</Filter>
    </ClInclude>
    <ClInclude Include="Animation_Pulse.h">
      <Filter>Header Files\Animation</Filter>
    </ClInclude>
    <ClInclude Include="MatterTileboard.h">
      <Filter>Header Files\Matter</Filter>
    </ClInclude>
    <ClInclude Include="Animation_Trigger.h">
      <Filter>Header Files\Animation</Filter>
    </ClInclude>
    <ClInclude Include="GameStats.h">
      <Filter>Header Files</Filter>
    </ClInclude>
    <ClInclude Include="Shader.h">
      <Filter>Header Files\Shaders</Filter>
    </ClInclude>
    <ClInclude Include="ShaderProgram.h">
      <Filter>Header Files\Shaders</Filter>
    </ClInclude>
    <ClInclude Include="ShaderManager.h">
      <Filter>Header Files\Shaders</Filter>
    </ClInclude>
    <ClInclude Include="Main.h">
      <Filter>Header Files</Filter>
    </ClInclude>
    <ClInclude Include="MatterRootCluster.h">
      <Filter>Header Files\Matter</Filter>
    </ClInclude>
    <ClInclude Include="Animation_FrameTime.h">
      <Filter>Header Files\Animation</Filter>
    </ClInclude>
    <ClInclude Include="MatterMeterHead.h">
      <Filter>Header Files\Matter</Filter>
    </ClInclude>
    <ClInclude Include="MatterBasicText.h">
      <Filter>Header Files\Matter</Filter>
    </ClInclude>
    <ClInclude Include="FontManager.h">
      <Filter>Header Files</Filter>
    </ClInclude>
  </ItemGroup>
</Project>